
Microsoft Visual Studio Solution File, Format Version 12.00
# Visual Studio 15
VisualStudioVersion = 15.0.27703.2026
MinimumVisualStudioVersion = 10.0.40219.1
Project("{FAE04EC0-301F-11D3-BF4B-00C04F79EFBC}") = "Task1", "Task1\Task1.csproj", "{0F7D85CA-5D85-44C6-91A9-31C78AE20911}"
EndProject
Project("{FAE04EC0-301F-11D3-BF4B-00C04F79EFBC}") = "TradeCompanyDAL", "TradeCompanyDAL\TradeCompanyDAL.csproj", "{C4BF58F9-FBA9-4AE2-9EEB-567B0AAB8819}"
EndProject
Global
	GlobalSection(SolutionConfigurationPlatforms) = preSolution
		Debug|Any CPU = Debug|Any CPU
		Release|Any CPU = Release|Any CPU
	EndGlobalSection
	GlobalSection(ProjectConfigurationPlatforms) = postSolution
		{0F7D85CA-5D85-44C6-91A9-31C78AE20911}.Debug|Any CPU.ActiveCfg = Debug|Any CPU
		{0F7D85CA-5D85-44C6-91A9-31C78AE20911}.Debug|Any CPU.Build.0 = Debug|Any CPU
		{0F7D85CA-5D85-44C6-91A9-31C78AE20911}.Release|Any CPU.ActiveCfg = Release|Any CPU
		{0F7D85CA-5D85-44C6-91A9-31C78AE20911}.Release|Any CPU.Build.0 = Release|Any CPU
		{C4BF58F9-FBA9-4AE2-9EEB-567B0AAB8819}.Debug|Any CPU.ActiveCfg = Debug|Any CPU
		{C4BF58F9-FBA9-4AE2-9EEB-567B0AAB8819}.Debug|Any CPU.Build.0 = Debug|Any CPU
		{C4BF58F9-FBA9-4AE2-9EEB-567B0AAB8819}.Release|Any CPU.ActiveCfg = Release|Any CPU
		{C4BF58F9-FBA9-4AE2-9EEB-567B0AAB8819}.Release|Any CPU.Build.0 = Release|Any CPU
	EndGlobalSection
	GlobalSection(SolutionProperties) = preSolution
		HideSolutionNode = FALSE
	EndGlobalSection
	GlobalSection(ExtensibilityGlobals) = postSolution
		SolutionGuid = {FF79495B-653E-4A52-ACE4-D2DE7FD54A6A}
	EndGlobalSection
EndGlobal
